
Microsoft Visual Studio Solution File, Format Version 12.00
# Visual Studio 14
VisualStudioVersion = 14.0.23107.0
MinimumVisualStudioVersion = 10.0.40219.1
Project("{FAE04EC0-301F-11D3-BF4B-00C04F79EFBC}") = "Tetris", "Tetris\Tetris.csproj", "{540FDA90-11FB-43A4-BC99-801348DAC421}"
EndProject
Project("{FAE04EC0-301F-11D3-BF4B-00C04F79EFBC}") = "Test", "Test\Test.csproj", "{9593FE7C-A874-434E-83CF-7918BB2712D9}"
EndProject
Project("{F088123C-0E9E-452A-89E6-6BA2F21D5CAC}") = "TetrisUML", "ModelingProject1\TetrisUML.modelproj", "{CAD38038-2DA3-42F8-9DD8-F6E3482AB042}"
EndProject
Project("{FAE04EC0-301F-11D3-BF4B-00C04F79EFBC}") = "Tetris_testbed", "ModelingProject1Lib\Tetris_testbed.csproj", "{5527EE14-0C5A-4BAF-B625-6AAD9289F110}"
EndProject
Global
	GlobalSection(SolutionConfigurationPlatforms) = preSolution
		Debug|Any CPU = Debug|Any CPU
		Debug|ARM = Debug|ARM
		Debug|x64 = Debug|x64
		Debug|x86 = Debug|x86
		Release|Any CPU = Release|Any CPU
		Release|ARM = Release|ARM
		Release|x64 = Release|x64
		Release|x86 = Release|x86
	EndGlobalSection
	GlobalSection(ProjectConfigurationPlatforms) = postSolution
		{540FDA90-11FB-43A4-BC99-801348DAC421}.Debug|Any CPU.ActiveCfg = Debug|Any CPU
		{540FDA90-11FB-43A4-BC99-801348DAC421}.Debug|Any CPU.Build.0 = Debug|Any CPU
		{540FDA90-11FB-43A4-BC99-801348DAC421}.Debug|ARM.ActiveCfg = Debug|Any CPU
		{540FDA90-11FB-43A4-BC99-801348DAC421}.Debug|x64.ActiveCfg = Debug|Any CPU
		{540FDA90-11FB-43A4-BC99-801348DAC421}.Debug|x86.ActiveCfg = Debug|Any CPU
		{540FDA90-11FB-43A4-BC99-801348DAC421}.Release|Any CPU.ActiveCfg = Release|Any CPU
		{540FDA90-11FB-43A4-BC99-801348DAC421}.Release|Any CPU.Build.0 = Release|Any CPU
		{540FDA90-11FB-43A4-BC99-801348DAC421}.Release|ARM.ActiveCfg = Release|Any CPU
		{540FDA90-11FB-43A4-BC99-801348DAC421}.Release|x64.ActiveCfg = Release|Any CPU
		{540FDA90-11FB-43A4-BC99-801348DAC421}.Release|x86.ActiveCfg = Release|Any CPU
		{9593FE7C-A874-434E-83CF-7918BB2712D9}.Debug|Any CPU.ActiveCfg = Debug|Any CPU
		{9593FE7C-A874-434E-83CF-7918BB2712D9}.Debug|Any CPU.Build.0 = Debug|Any CPU
		{9593FE7C-A874-434E-83CF-7918BB2712D9}.Debug|ARM.ActiveCfg = Debug|Any CPU
		{9593FE7C-A874-434E-83CF-7918BB2712D9}.Debug|x64.ActiveCfg = Debug|Any CPU
		{9593FE7C-A874-434E-83CF-7918BB2712D9}.Debug|x86.ActiveCfg = Debug|Any CPU
		{9593FE7C-A874-434E-83CF-7918BB2712D9}.Release|Any CPU.ActiveCfg = Release|Any CPU
		{9593FE7C-A874-434E-83CF-7918BB2712D9}.Release|Any CPU.Build.0 = Release|Any CPU
		{9593FE7C-A874-434E-83CF-7918BB2712D9}.Release|ARM.ActiveCfg = Release|Any CPU
		{9593FE7C-A874-434E-83CF-7918BB2712D9}.Release|x64.ActiveCfg = Release|Any CPU
		{9593FE7C-A874-434E-83CF-7918BB2712D9}.Release|x86.ActiveCfg = Release|Any CPU
		{CAD38038-2DA3-42F8-9DD8-F6E3482AB042}.Debug|Any CPU.ActiveCfg = Debug|Any CPU
		{CAD38038-2DA3-42F8-9DD8-F6E3482AB042}.Debug|Any CPU.Build.0 = Debug|Any CPU
		{CAD38038-2DA3-42F8-9DD8-F6E3482AB042}.Debug|ARM.ActiveCfg = Debug|Any CPU
		{CAD38038-2DA3-42F8-9DD8-F6E3482AB042}.Debug|x64.ActiveCfg = Debug|Any CPU
		{CAD38038-2DA3-42F8-9DD8-F6E3482AB042}.Debug|x86.ActiveCfg = Debug|Any CPU
		{CAD38038-2DA3-42F8-9DD8-F6E3482AB042}.Release|Any CPU.ActiveCfg = Release|Any CPU
		{CAD38038-2DA3-42F8-9DD8-F6E3482AB042}.Release|Any CPU.Build.0 = Release|Any CPU
		{CAD38038-2DA3-42F8-9DD8-F6E3482AB042}.Release|ARM.ActiveCfg = Release|Any CPU
		{CAD38038-2DA3-42F8-9DD8-F6E3482AB042}.Release|x64.ActiveCfg = Release|Any CPU
		{CAD38038-2DA3-42F8-9DD8-F6E3482AB042}.Release|x86.ActiveCfg = Release|Any CPU
		{5527EE14-0C5A-4BAF-B625-6AAD9289F110}.Debug|Any CPU.ActiveCfg = Debug|Any CPU
		{5527EE14-0C5A-4BAF-B625-6AAD9289F110}.Debug|Any CPU.Build.0 = Debug|Any CPU
		{5527EE14-0C5A-4BAF-B625-6AAD9289F110}.Debug|ARM.ActiveCfg = Debug|Any CPU
		{5527EE14-0C5A-4BAF-B625-6AAD9289F110}.Debug|ARM.Build.0 = Debug|Any CPU
		{5527EE14-0C5A-4BAF-B625-6AAD9289F110}.Debug|x64.ActiveCfg = Debug|Any CPU
		{5527EE14-0C5A-4BAF-B625-6AAD9289F110}.Debug|x64.Build.0 = Debug|Any CPU
		{5527EE14-0C5A-4BAF-B625-6AAD9289F110}.Debug|x86.ActiveCfg = Debug|Any CPU
		{5527EE14-0C5A-4BAF-B625-6AAD9289F110}.Debug|x86.Build.0 = Debug|Any CPU
		{5527EE14-0C5A-4BAF-B625-6AAD9289F110}.Release|Any CPU.ActiveCfg = Release|Any CPU
		{5527EE14-0C5A-4BAF-B625-6AAD9289F110}.Release|Any CPU.Build.0 = Release|Any CPU
		{5527EE14-0C5A-4BAF-B625-6AAD9289F110}.Release|ARM.ActiveCfg = Release|Any CPU
		{5527EE14-0C5A-4BAF-B625-6AAD9289F110}.Release|ARM.Build.0 = Release|Any CPU
		{5527EE14-0C5A-4BAF-B625-6AAD9289F110}.Release|x64.ActiveCfg = Release|Any CPU
		{5527EE14-0C5A-4BAF-B625-6AAD9289F110}.Release|x64.Build.0 = Release|Any CPU
		{5527EE14-0C5A-4BAF-B625-6AAD9289F110}.Release|x86.ActiveCfg = Release|Any CPU
		{5527EE14-0C5A-4BAF-B625-6AAD9289F110}.Release|x86.Build.0 = Release|Any CPU
	EndGlobalSection
	GlobalSection(SolutionProperties) = preSolution
		HideSolutionNode = FALSE
	EndGlobalSection
EndGlobal
